// !$*UTF8*$!
{
	archiveVersion = 1;
	classes = {
	};
	objectVersion = 46;
	objects = {

/* Begin PBXBuildFile section */
		CD12922C19AD0D3600B2637F /* Foundation.framework in Frameworks */ = {isa = PBXBuildFile; fileRef = CD12922B19AD0D3600B2637F /* Foundation.framework */; };
		CD12923119AD0D3600B2637F /* RestKITLibraryFramework.h in CopyFiles */ = {isa = PBXBuildFile; fileRef = CD12923019AD0D3600B2637F /* RestKITLibraryFramework.h */; };
		CD12923319AD0D3600B2637F /* RestKITLibraryFramework.m in Sources */ = {isa = PBXBuildFile; fileRef = CD12923219AD0D3600B2637F /* RestKITLibraryFramework.m */; };
		CD12923A19AD0D3600B2637F /* XCTest.framework in Frameworks */ = {isa = PBXBuildFile; fileRef = CD12923919AD0D3600B2637F /* XCTest.framework */; };
		CD12923B19AD0D3600B2637F /* Foundation.framework in Frameworks */ = {isa = PBXBuildFile; fileRef = CD12922B19AD0D3600B2637F /* Foundation.framework */; };
		CD12923D19AD0D3600B2637F /* UIKit.framework in Frameworks */ = {isa = PBXBuildFile; fileRef = CD12923C19AD0D3600B2637F /* UIKit.framework */; };
		CD12924019AD0D3600B2637F /* libRestKITLibraryFramework.a in Frameworks */ = {isa = PBXBuildFile; fileRef = CD12922819AD0D3600B2637F /* libRestKITLibraryFramework.a */; };
		CD12924619AD0D3600B2637F /* InfoPlist.strings in Resources */ = {isa = PBXBuildFile; fileRef = CD12924419AD0D3600B2637F /* InfoPlist.strings */; };
		CD12924819AD0D3600B2637F /* RestKITLibraryFrameworkTests.m in Sources */ = {isa = PBXBuildFile; fileRef = CD12924719AD0D3600B2637F /* RestKITLibraryFrameworkTests.m */; };
/* End PBXBuildFile section */

/* Begin PBXContainerItemProxy section */
		CD12923E19AD0D3600B2637F /* PBXContainerItemProxy */ = {
			isa = PBXContainerItemProxy;
			containerPortal = CD12922019AD0D3600B2637F /* Project object */;
			proxyType = 1;
			remoteGlobalIDString = CD12922719AD0D3600B2637F;
			remoteInfo = RestKITLibraryFramework;
		};
/* End PBXContainerItemProxy section */

/* Begin PBXCopyFilesBuildPhase section */
		CD12922619AD0D3600B2637F /* CopyFiles */ = {
			isa = PBXCopyFilesBuildPhase;
			buildActionMask = 2147483647;
			dstPath = "include/$(PRODUCT_NAME)";
			dstSubfolderSpec = 16;
			files = (
				CD12923119AD0D3600B2637F /* RestKITLibraryFramework.h in CopyFiles */,
			);
			runOnlyForDeploymentPostprocessing = 0;
		};
/* End PBXCopyFilesBuildPhase section */

/* Begin PBXFileReference section */
		CD12922819AD0D3600B2637F /* libRestKITLibraryFramework.a */ = {isa = PBXFileReference; explicitFileType = archive.ar; includeInIndex = 0; path = libRestKITLibraryFramework.a; sourceTree = BUILT_PRODUCTS_DIR; };
		CD12922B19AD0D3600B2637F /* Foundation.framework */ = {isa = PBXFileReference; lastKnownFileType = wrapper.framework; name = Foundation.framework; path = System/Library/Frameworks/Foundation.framework; sourceTree = SDKROOT; };
		CD12922F19AD0D3600B2637F /* RestKITLibraryFramework-Prefix.pch */ = {isa = PBXFileReference; lastKnownFileType = sourcecode.c.h; path = "RestKITLibraryFramework-Prefix.pch"; sourceTree = "<group>"; };
		CD12923019AD0D3600B2637F /* RestKITLibraryFramework.h */ = {isa = PBXFileReference; lastKnownFileType = sourcecode.c.h; path = RestKITLibraryFramework.h; sourceTree = "<group>"; };
		CD12923219AD0D3600B2637F /* RestKITLibraryFramework.m */ = {isa = PBXFileReference; lastKnownFileType = sourcecode.c.objc; path = RestKITLibraryFramework.m; sourceTree = "<group>"; };
		CD12923819AD0D3600B2637F /* RestKITLibraryFrameworkTests.xctest */ = {isa = PBXFileReference; explicitFileType = wrapper.cfbundle; includeInIndex = 0; path = RestKITLibraryFrameworkTests.xctest; sourceTree = BUILT_PRODUCTS_DIR; };
		CD12923919AD0D3600B2637F /* XCTest.framework */ = {isa = PBXFileReference; lastKnownFileType = wrapper.framework; name = XCTest.framework; path = Library/Frameworks/XCTest.framework; sourceTree = DEVELOPER_DIR; };
		CD12923C19AD0D3600B2637F /* UIKit.framework */ = {isa = PBXFileReference; lastKnownFileType = wrapper.framework; name = UIKit.framework; path = Library/Frameworks/UIKit.framework; sourceTree = DEVELOPER_DIR; };
		CD12924319AD0D3600B2637F /* RestKITLibraryFrameworkTests-Info.plist */ = {isa = PBXFileReference; lastKnownFileType = text.plist.xml; path = "RestKITLibraryFrameworkTests-Info.plist"; sourceTree = "<group>"; };
		CD12924519AD0D3600B2637F /* en */ = {isa = PBXFileReference; lastKnownFileType = text.plist.strings; name = en; path = en.lproj/InfoPlist.strings; sourceTree = "<group>"; };
		CD12924719AD0D3600B2637F /* RestKITLibraryFrameworkTests.m */ = {isa = PBXFileReference; lastKnownFileType = sourcecode.c.objc; path = RestKITLibraryFrameworkTests.m; sourceTree = "<group>"; };
/* End PBXFileReference section */

/* Begin PBXFrameworksBuildPhase section */
		CD12922519AD0D3600B2637F /* Frameworks */ = {
			isa = PBXFrameworksBuildPhase;
			buildActionMask = 2147483647;
			files = (
				CD12922C19AD0D3600B2637F /* Foundation.framework in Frameworks */,
			);
			runOnlyForDeploymentPostprocessing = 0;
		};
		CD12923519AD0D3600B2637F /* Frameworks */ = {
			isa = PBXFrameworksBuildPhase;
			buildActionMask = 2147483647;
			files = (
				CD12923A19AD0D3600B2637F /* XCTest.framework in Frameworks */,
				CD12923D19AD0D3600B2637F /* UIKit.framework in Frameworks */,
				CD12923B19AD0D3600B2637F /* Foundation.framework in Frameworks */,
				CD12924019AD0D3600B2637F /* libRestKITLibraryFramework.a in Frameworks */,
			);
			runOnlyForDeploymentPostprocessing = 0;
		};
/* End PBXFrameworksBuildPhase section */

/* Begin PBXGroup section */
		CD12921F19AD0D3600B2637F = {
			isa = PBXGroup;
			children = (
				CD12922D19AD0D3600B2637F /* RestKITLibraryFramework */,
				CD12924119AD0D3600B2637F /* RestKITLibraryFrameworkTests */,
				CD12922A19AD0D3600B2637F /* Frameworks */,
				CD12922919AD0D3600B2637F /* Products */,
			);
			sourceTree = "<group>";
		};
		CD12922919AD0D3600B2637F /* Products */ = {
			isa = PBXGroup;
			children = (
				CD12922819AD0D3600B2637F /* libRestKITLibraryFramework.a */,
				CD12923819AD0D3600B2637F /* RestKITLibraryFrameworkTests.xctest */,
			);
			name = Products;
			sourceTree = "<group>";
		};
		CD12922A19AD0D3600B2637F /* Frameworks */ = {
			isa = PBXGroup;
			children = (
				CD12922B19AD0D3600B2637F /* Foundation.framework */,
				CD12923919AD0D3600B2637F /* XCTest.framework */,
				CD12923C19AD0D3600B2637F /* UIKit.framework */,
			);
			name = Frameworks;
			sourceTree = "<group>";
		};
		CD12922D19AD0D3600B2637F /* RestKITLibraryFramework */ = {
			isa = PBXGroup;
			children = (
				CD12923019AD0D3600B2637F /* RestKITLibraryFramework.h */,
				CD12923219AD0D3600B2637F /* RestKITLibraryFramework.m */,
				CD12922E19AD0D3600B2637F /* Supporting Files */,
			);
			path = RestKITLibraryFramework;
			sourceTree = "<group>";
		};
		CD12922E19AD0D3600B2637F /* Supporting Files */ = {
			isa = PBXGroup;
			children = (
				CD12922F19AD0D3600B2637F /* RestKITLibraryFramework-Prefix.pch */,
			);
			name = "Supporting Files";
			sourceTree = "<group>";
		};
		CD12924119AD0D3600B2637F /* RestKITLibraryFrameworkTests */ = {
			isa = PBXGroup;
			children = (
				CD12924719AD0D3600B2637F /* RestKITLibraryFrameworkTests.m */,
				CD12924219AD0D3600B2637F /* Supporting Files */,
			);
			path = RestKITLibraryFrameworkTests;
			sourceTree = "<group>";
		};
		CD12924219AD0D3600B2637F /* Supporting Files */ = {
			isa = PBXGroup;
			children = (
				CD12924319AD0D3600B2637F /* RestKITLibraryFrameworkTests-Info.plist */,
				CD12924419AD0D3600B2637F /* InfoPlist.strings */,
			);
			name = "Supporting Files";
			sourceTree = "<group>";
		};
/* End PBXGroup section */

/* Begin PBXNativeTarget section */
		CD12922719AD0D3600B2637F /* RestKITLibraryFramework */ = {
			isa = PBXNativeTarget;
			buildConfigurationList = CD12924B19AD0D3600B2637F /* Build configuration list for PBXNativeTarget "RestKITLibraryFramework" */;
			buildPhases = (
				CD12922419AD0D3600B2637F /* Sources */,
				CD12922519AD0D3600B2637F /* Frameworks */,
				CD12922619AD0D3600B2637F /* CopyFiles */,
			);
			buildRules = (
			);
			dependencies = (
			);
			name = RestKITLibraryFramework;
			productName = RestKITLibraryFramework;
			productReference = CD12922819AD0D3600B2637F /* libRestKITLibraryFramework.a */;
			productType = "com.apple.product-type.library.static";
		};
		CD12923719AD0D3600B2637F /* RestKITLibraryFrameworkTests */ = {
			isa = PBXNativeTarget;
			buildConfigurationList = CD12924E19AD0D3600B2637F /* Build configuration list for PBXNativeTarget "RestKITLibraryFrameworkTests" */;
			buildPhases = (
				CD12923419AD0D3600B2637F /* Sources */,
				CD12923519AD0D3600B2637F /* Frameworks */,
				CD12923619AD0D3600B2637F /* Resources */,
			);
			buildRules = (
			);
			dependencies = (
				CD12923F19AD0D3600B2637F /* PBXTargetDependency */,
			);
			name = RestKITLibraryFrameworkTests;
			productName = RestKITLibraryFrameworkTests;
			productReference = CD12923819AD0D3600B2637F /* RestKITLibraryFrameworkTests.xctest */;
			productType = "com.apple.product-type.bundle.unit-test";
		};
/* End PBXNativeTarget section */

/* Begin PBXProject section */
		CD12922019AD0D3600B2637F /* Project object */ = {
			isa = PBXProject;
			attributes = {
				LastUpgradeCheck = 0510;
				ORGANIZATIONNAME = "Ronny Meissner";
			};
			buildConfigurationList = CD12922319AD0D3600B2637F /* Build configuration list for PBXProject "RestKITLibraryFramework" */;
			compatibilityVersion = "Xcode 3.2";
			developmentRegion = English;
			hasScannedForEncodings = 0;
			knownRegions = (
				en,
			);
			mainGroup = CD12921F19AD0D3600B2637F;
			productRefGroup = CD12922919AD0D3600B2637F /* Products */;
			projectDirPath = "";
			projectRoot = "";
			targets = (
				CD12922719AD0D3600B2637F /* RestKITLibraryFramework */,
				CD12923719AD0D3600B2637F /* RestKITLibraryFrameworkTests */,
			);
		};
/* End PBXProject section */

/* Begin PBXResourcesBuildPhase section */
		CD12923619AD0D3600B2637F /* Resources */ = {
			isa = PBXResourcesBuildPhase;
			buildActionMask = 2147483647;
			files = (
				CD12924619AD0D3600B2637F /* InfoPlist.strings in Resources */,
			);
			runOnlyForDeploymentPostprocessing = 0;
		};
/* End PBXResourcesBuildPhase section */

/* Begin PBXSourcesBuildPhase section */
		CD12922419AD0D3600B2637F /* Sources */ = {
			isa = PBXSourcesBuildPhase;
			buildActionMask = 2147483647;
			files = (
				CD12923319AD0D3600B2637F /* RestKITLibraryFramework.m in Sources */,
			);
			runOnlyForDeploymentPostprocessing = 0;
		};
		CD12923419AD0D3600B2637F /* Sources */ = {
			isa = PBXSourcesBuildPhase;
			buildActionMask = 2147483647;
			files = (
				CD12924819AD0D3600B2637F /* RestKITLibraryFrameworkTests.m in Sources */,
			);
			runOnlyForDeploymentPostprocessing = 0;
		};
/* End PBXSourcesBuildPhase section */

/* Begin PBXTargetDependency section */
		CD12923F19AD0D3600B2637F /* PBXTargetDependency */ = {
			isa = PBXTargetDependency;
			target = CD12922719AD0D3600B2637F /* RestKITLibraryFramework */;
			targetProxy = CD12923E19AD0D3600B2637F /* PBXContainerItemProxy */;
		};
/* End PBXTargetDependency section */

/* Begin PBXVariantGroup section */
		CD12924419AD0D3600B2637F /* InfoPlist.strings */ = {
			isa = PBXVariantGroup;
			children = (
				CD12924519AD0D3600B2637F /* en */,
			);
			name = InfoPlist.strings;
			sourceTree = "<group>";
		};
/* End PBXVariantGroup section */

/* Begin XCBuildConfiguration section */
		CD12924919AD0D3600B2637F /* Debug */ = {
			isa = XCBuildConfiguration;
			buildSettings = {
				ALWAYS_SEARCH_USER_PATHS = NO;
				CLANG_CXX_LANGUAGE_STANDARD = "gnu++0x";
				CLANG_CXX_LIBRARY = "libc++";
				CLANG_ENABLE_MODULES = YES;
				CLANG_ENABLE_OBJC_ARC = YES;
				CLANG_WARN_BOOL_CONVERSION = YES;
				CLANG_WARN_CONSTANT_CONVERSION = YES;
				CLANG_WARN_DIRECT_OBJC_ISA_USAGE = YES_ERROR;
				CLANG_WARN_EMPTY_BODY = YES;
				CLANG_WARN_ENUM_CONVERSION = YES;
				CLANG_WARN_INT_CONVERSION = YES;
				CLANG_WARN_OBJC_ROOT_CLASS = YES_ERROR;
				CLANG_WARN__DUPLICATE_METHOD_MATCH = YES;
				COPY_PHASE_STRIP = NO;
				GCC_C_LANGUAGE_STANDARD = gnu99;
				GCC_DYNAMIC_NO_PIC = NO;
				GCC_OPTIMIZATION_LEVEL = 0;
				GCC_PREPROCESSOR_DEFINITIONS = (
					"DEBUG=1",
					"$(inherited)",
				);
				GCC_SYMBOLS_PRIVATE_EXTERN = NO;
				GCC_WARN_64_TO_32_BIT_CONVERSION = YES;
				GCC_WARN_ABOUT_RETURN_TYPE = YES_ERROR;
				GCC_WARN_UNDECLARED_SELECTOR = YES;
				GCC_WARN_UNINITIALIZED_AUTOS = YES_AGGRESSIVE;
				GCC_WARN_UNUSED_FUNCTION = YES;
				GCC_WARN_UNUSED_VARIABLE = YES;
				IPHONEOS_DEPLOYMENT_TARGET = 7.1;
				ONLY_ACTIVE_ARCH = YES;
				SDKROOT = iphoneos;
			};
			name = Debug;
		};
		CD12924A19AD0D3600B2637F /* Release */ = {
			isa = XCBuildConfiguration;
			buildSettings = {
				ALWAYS_SEARCH_USER_PATHS = NO;
				CLANG_CXX_LANGUAGE_STANDARD = "gnu++0x";
				CLANG_CXX_LIBRARY = "libc++";
				CLANG_ENABLE_MODULES = YES;
				CLANG_ENABLE_OBJC_ARC = YES;
				CLANG_WARN_BOOL_CONVERSION = YES;
				CLANG_WARN_CONSTANT_CONVERSION = YES;
				CLANG_WARN_DIRECT_OBJC_ISA_USAGE = YES_ERROR;
				CLANG_WARN_EMPTY_BODY = YES;
				CLANG_WARN_ENUM_CONVERSION = YES;
				CLANG_WARN_INT_CONVERSION = YES;
				CLANG_WARN_OBJC_ROOT_CLASS = YES_ERROR;
				CLANG_WARN__DUPLICATE_METHOD_MATCH = YES;
				COPY_PHASE_STRIP = YES;
				ENABLE_NS_ASSERTIONS = NO;
				GCC_C_LANGUAGE_STANDARD = gnu99;
				GCC_WARN_64_TO_32_BIT_CONVERSION = YES;
				GCC_WARN_ABOUT_RETURN_TYPE = YES_ERROR;
				GCC_WARN_UNDECLARED_SELECTOR = YES;
				GCC_WARN_UNINITIALIZED_AUTOS = YES_AGGRESSIVE;
				GCC_WARN_UNUSED_FUNCTION = YES;
				GCC_WARN_UNUSED_VARIABLE = YES;
				IPHONEOS_DEPLOYMENT_TARGET = 7.1;
				SDKROOT = iphoneos;
				VALIDATE_PRODUCT = YES;
			};
			name = Release;
		};
		CD12924C19AD0D3600B2637F /* Debug */ = {
			isa = XCBuildConfiguration;
			buildSettings = {
				DSTROOT = /tmp/RestKITLibraryFramework.dst;
				GCC_PRECOMPILE_PREFIX_HEADER = YES;
				GCC_PREFIX_HEADER = "RestKITLibraryFramework/RestKITLibraryFramework-Prefix.pch";
				OTHER_LDFLAGS = "-ObjC";
				PRODUCT_NAME = "$(TARGET_NAME)";
				SKIP_INSTALL = YES;
			};
			name = Debug;
		};
		CD12924D19AD0D3600B2637F /* Release */ = {
			isa = XCBuildConfiguration;
			buildSettings = {
				DSTROOT = /tmp/RestKITLibraryFramework.dst;
				GCC_PRECOMPILE_PREFIX_HEADER = YES;
				GCC_PREFIX_HEADER = "RestKITLibraryFramework/RestKITLibraryFramework-Prefix.pch";
				OTHER_LDFLAGS = "-ObjC";
				PRODUCT_NAME = "$(TARGET_NAME)";
				SKIP_INSTALL = YES;
			};
			name = Release;
		};
		CD12924F19AD0D3600B2637F /* Debug */ = {
			isa = XCBuildConfiguration;
			buildSettings = {
				FRAMEWORK_SEARCH_PATHS = (
					"$(SDKROOT)/Developer/Library/Frameworks",
					"$(inherited)",
					"$(DEVELOPER_FRAMEWORKS_DIR)",
				);
				GCC_PRECOMPILE_PREFIX_HEADER = YES;
				GCC_PREFIX_HEADER = "RestKITLibraryFramework/RestKITLibraryFramework-Prefix.pch";
				GCC_PREPROCESSOR_DEFINITIONS = (
					"DEBUG=1",
					"$(inherited)",
				);
				INFOPLIST_FILE = "RestKITLibraryFrameworkTests/RestKITLibraryFrameworkTests-Info.plist";
				PRODUCT_NAME = "$(TARGET_NAME)";
				WRAPPER_EXTENSION = xctest;
			};
			name = Debug;
		};
		CD12925019AD0D3600B2637F /* Release */ = {
			isa = XCBuildConfiguration;
			buildSettings = {
				FRAMEWORK_SEARCH_PATHS = (
					"$(SDKROOT)/Developer/Library/Frameworks",
					"$(inherited)",
					"$(DEVELOPER_FRAMEWORKS_DIR)",
				);
				GCC_PRECOMPILE_PREFIX_HEADER = YES;
				GCC_PREFIX_HEADER = "RestKITLibraryFramework/RestKITLibraryFramework-Prefix.pch";
				INFOPLIST_FILE = "RestKITLibraryFrameworkTests/RestKITLibraryFrameworkTests-Info.plist";
				PRODUCT_NAME = "$(TARGET_NAME)";
				WRAPPER_EXTENSION = xctest;
			};
			name = Release;
		};
/* End XCBuildConfiguration section */

/* Begin XCConfigurationList section */
		CD12922319AD0D3600B2637F /* Build configuration list for PBXProject "RestKITLibraryFramework" */ = {
			isa = XCConfigurationList;
			buildConfigurations = (
				CD12924919AD0D3600B2637F /* Debug */,
				CD12924A19AD0D3600B2637F /* Release */,
			);
			defaultConfigurationIsVisible = 0;
			defaultConfigurationName = Release;
		};
		CD12924B19AD0D3600B2637F /* Build configuration list for PBXNativeTarget "RestKITLibraryFramework" */ = {
			isa = XCConfigurationList;
			buildConfigurations = (
				CD12924C19AD0D3600B2637F /* Debug */,
				CD12924D19AD0D3600B2637F /* Release */,
			);
			defaultConfigurationIsVisible = 0;
		};
		CD12924E19AD0D3600B2637F /* Build configuration list for PBXNativeTarget "RestKITLibraryFrameworkTests" */ = {
			isa = XCConfigurationList;
			buildConfigurations = (
				CD12924F19AD0D3600B2637F /* Debug */,
				CD12925019AD0D3600B2637F /* Release */,
			);
			defaultConfigurationIsVisible = 0;
		};
/* End XCConfigurationList section */
	};
	rootObject = CD12922019AD0D3600B2637F /* Project object */;
}
